// !$*UTF8*$!
{
	archiveVersion = 1;
	classes = {
	};
	objectVersion = 46;
	objects = {

/* Begin PBXBuildFile section */
		1EB237CE203B393F00F29FF8 /* AppDelegate.swift in Sources */ = {isa = PBXBuildFile; fileRef = 1EB237CD203B393F00F29FF8 /* AppDelegate.swift */; };
		1EB237D0203B393F00F29FF8 /* ViewController.swift in Sources */ = {isa = PBXBuildFile; fileRef = 1EB237CF203B393F00F29FF8 /* ViewController.swift */; };
		1EB237D3203B394000F29FF8 /* Main.storyboard in Resources */ = {isa = PBXBuildFile; fileRef = 1EB237D1203B394000F29FF8 /* Main.storyboard */; };
		1EB237D6203B394000F29FF8 /* viewTRansformation.xcdatamodeld in Sources */ = {isa = PBXBuildFile; fileRef = 1EB237D4203B394000F29FF8 /* viewTRansformation.xcdatamodeld */; };
		1EB237D8203B394000F29FF8 /* Assets.xcassets in Resources */ = {isa = PBXBuildFile; fileRef = 1EB237D7203B394000F29FF8 /* Assets.xcassets */; };
		1EB237DB203B394000F29FF8 /* LaunchScreen.storyboard in Resources */ = {isa = PBXBuildFile; fileRef = 1EB237D9203B394000F29FF8 /* LaunchScreen.storyboard */; };
/* End PBXBuildFile section */

/* Begin PBXFileReference section */
		1EB237CA203B393F00F29FF8 /* viewTRansformation.app */ = {isa = PBXFileReference; explicitFileType = wrapper.application; includeInIndex = 0; path = viewTRansformation.app; sourceTree = BUILT_PRODUCTS_DIR; };
		1EB237CD203B393F00F29FF8 /* AppDelegate.swift */ = {isa = PBXFileReference; lastKnownFileType = sourcecode.swift; path = AppDelegate.swift; sourceTree = "<group>"; };
		1EB237CF203B393F00F29FF8 /* ViewController.swift */ = {isa = PBXFileReference; lastKnownFileType = sourcecode.swift; path = ViewController.swift; sourceTree = "<group>"; };
		1EB237D2203B394000F29FF8 /* Base */ = {isa = PBXFileReference; lastKnownFileType = file.storyboard; name = Base; path = Base.lproj/Main.storyboard; sourceTree = "<group>"; };
		1EB237D5203B394000F29FF8 /* viewTRansformation.xcdatamodel */ = {isa = PBXFileReference; lastKnownFileType = wrapper.xcdatamodel; path = viewTRansformation.xcdatamodel; sourceTree = "<group>"; };
		1EB237D7203B394000F29FF8 /* Assets.xcassets */ = {isa = PBXFileReference; lastKnownFileType = folder.assetcatalog; path = Assets.xcassets; sourceTree = "<group>"; };
		1EB237DA203B394000F29FF8 /* Base */ = {isa = PBXFileReference; lastKnownFileType = file.storyboard; name = Base; path = Base.lproj/LaunchScreen.storyboard; sourceTree = "<group>"; };
		1EB237DC203B394000F29FF8 /* Info.plist */ = {isa = PBXFileReference; lastKnownFileType = text.plist.xml; path = Info.plist; sourceTree = "<group>"; };
/* End PBXFileReference section */

/* Begin PBXFrameworksBuildPhase section */
		1EB237C7203B393F00F29FF8 /* Frameworks */ = {
			isa = PBXFrameworksBuildPhase;
			buildActionMask = 2147483647;
			files = (
			);
			runOnlyForDeploymentPostprocessing = 0;
		};
/* End PBXFrameworksBuildPhase section */

/* Begin PBXGroup section */
		1EB237C1203B393F00F29FF8 = {
			isa = PBXGroup;
			children = (
				1EB237CC203B393F00F29FF8 /* viewTRansformation */,
				1EB237CB203B393F00F29FF8 /* Products */,
			);
			sourceTree = "<group>";
		};
		1EB237CB203B393F00F29FF8 /* Products */ = {
			isa = PBXGroup;
			children = (
				1EB237CA203B393F00F29FF8 /* viewTRansformation.app */,
			);
			name = Products;
			sourceTree = "<group>";
		};
		1EB237CC203B393F00F29FF8 /* viewTRansformation */ = {
			isa = PBXGroup;
			children = (
				1EB237CD203B393F00F29FF8 /* AppDelegate.swift */,
				1EB237CF203B393F00F29FF8 /* ViewController.swift */,
				1EB237D1203B394000F29FF8 /* Main.storyboard */,
				1EB237D7203B394000F29FF8 /* Assets.xcassets */,
				1EB237D9203B394000F29FF8 /* LaunchScreen.storyboard */,
				1EB237DC203B394000F29FF8 /* Info.plist */,
				1EB237D4203B394000F29FF8 /* viewTRansformation.xcdatamodeld */,
			);
			path = viewTRansformation;
			sourceTree = "<group>";
		};
/* End PBXGroup section */

/* Begin PBXNativeTarget section */
		1EB237C9203B393F00F29FF8 /* viewTRansformation */ = {
			isa = PBXNativeTarget;
			buildConfigurationList = 1EB237DF203B394000F29FF8 /* Build configuration list for PBXNativeTarget "viewTRansformation" */;
			buildPhases = (
				1EB237C6203B393F00F29FF8 /* Sources */,
				1EB237C7203B393F00F29FF8 /* Frameworks */,
				1EB237C8203B393F00F29FF8 /* Resources */,
			);
			buildRules = (
			);
			dependencies = (
			);
			name = viewTRansformation;
			productName = viewTRansformation;
			productReference = 1EB237CA203B393F00F29FF8 /* viewTRansformation.app */;
			productType = "com.apple.product-type.application";
		};
/* End PBXNativeTarget section */

/* Begin PBXProject section */
		1EB237C2203B393F00F29FF8 /* Project object */ = {
			isa = PBXProject;
			attributes = {
				LastSwiftUpdateCheck = 0830;
				LastUpgradeCheck = 0830;
				ORGANIZATIONNAME = "Justin Kim";
				TargetAttributes = {
					1EB237C9203B393F00F29FF8 = {
						CreatedOnToolsVersion = 8.3.3;
						DevelopmentTeam = 9C9DFKJ6LM;
						ProvisioningStyle = Automatic;
					};
				};
			};
			buildConfigurationList = 1EB237C5203B393F00F29FF8 /* Build configuration list for PBXProject "viewTRansformation" */;
			compatibilityVersion = "Xcode 3.2";
			developmentRegion = English;
			hasScannedForEncodings = 0;
			knownRegions = (
				en,
				Base,
			);
			mainGroup = 1EB237C1203B393F00F29FF8;
			productRefGroup = 1EB237CB203B393F00F29FF8 /* Products */;
			projectDirPath = "";
			projectRoot = "";
			targets = (
				1EB237C9203B393F00F29FF8 /* viewTRansformation */,
			);
		};
/* End PBXProject section */

/* Begin PBXResourcesBuildPhase section */
		1EB237C8203B393F00F29FF8 /* Resources */ = {
			isa = PBXResourcesBuildPhase;
			buildActionMask = 2147483647;
			files = (
				1EB237DB203B394000F29FF8 /* LaunchScreen.storyboard in Resources */,
				1EB237D8203B394000F29FF8 /* Assets.xcassets in Resources */,
				1EB237D3203B394000F29FF8 /* Main.storyboard in Resources */,
			);
			runOnlyForDeploymentPostprocessing = 0;
		};
/* End PBXResourcesBuildPhase section */

/* Begin PBXSourcesBuildPhase section */
		1EB237C6203B393F00F29FF8 /* Sources */ = {
			isa = PBXSourcesBuildPhase;
			buildActionMask = 2147483647;
			files = (
				1EB237D0203B393F00F29FF8 /* ViewController.swift in Sources */,
				1EB237CE203B393F00F29FF8 /* AppDelegate.swift in Sources */,
				1EB237D6203B394000F29FF8 /* viewTRansformation.xcdatamodeld in Sources */,
			);
			runOnlyForDeploymentPostprocessing = 0;
		};
/* End PBXSourcesBuildPhase section */

/* Begin PBXVariantGroup section */
		1EB237D1203B394000F29FF8 /* Main.storyboard */ = {
			isa = PBXVariantGroup;
			children = (
				1EB237D2203B394000F29FF8 /* Base */,
			);
			name = Main.storyboard;
			sourceTree = "<group>";
		};
		1EB237D9203B394000F29FF8 /* LaunchScreen.storyboard */ = {
			isa = PBXVariantGroup;
			children = (
				1EB237DA203B394000F29FF8 /* Base */,
			);
			name = LaunchScreen.storyboard;
			sourceTree = "<group>";
		};
/* End PBXVariantGroup section */

/* Begin XCBuildConfiguration section */
		1EB237DD203B394000F29FF8 /* Debug */ = {
			isa = XCBuildConfiguration;
			buildSettings = {
				ALWAYS_SEARCH_USER_PATHS = NO;
				CLANG_ANALYZER_NONNULL = YES;
				CLANG_ANALYZER_NUMBER_OBJECT_CONVERSION = YES_AGGRESSIVE;
				CLANG_CXX_LANGUAGE_STANDARD = "gnu++0x";
				CLANG_CXX_LIBRARY = "libc++";
				CLANG_ENABLE_MODULES = YES;
				CLANG_ENABLE_OBJC_ARC = YES;
				CLANG_WARN_BOOL_CONVERSION = YES;
				CLANG_WARN_CONSTANT_CONVERSION = YES;
				CLANG_WARN_DIRECT_OBJC_ISA_USAGE = YES_ERROR;
				CLANG_WARN_DOCUMENTATION_COMMENTS = YES;
				CLANG_WARN_EMPTY_BODY = YES;
				CLANG_WARN_ENUM_CONVERSION = YES;
				CLANG_WARN_INFINITE_RECURSION = YES;
				CLANG_WARN_INT_CONVERSION = YES;
				CLANG_WARN_OBJC_ROOT_CLASS = YES_ERROR;
				CLANG_WARN_SUSPICIOUS_MOVE = YES;
				CLANG_WARN_UNREACHABLE_CODE = YES;
				CLANG_WARN__DUPLICATE_METHOD_MATCH = YES;
				"CODE_SIGN_IDENTITY[sdk=iphoneos*]" = "iPhone Developer";
				COPY_PHASE_STRIP = NO;
				DEBUG_INFORMATION_FORMAT = dwarf;
				ENABLE_STRICT_OBJC_MSGSEND = YES;
				ENABLE_TESTABILITY = YES;
				GCC_C_LANGUAGE_STANDARD = gnu99;
				GCC_DYNAMIC_NO_PIC = NO;
				GCC_NO_COMMON_BLOCKS = YES;
				GCC_OPTIMIZATION_LEVEL = 0;
				GCC_PREPROCESSOR_DEFINITIONS = (
					"DEBUG=1",
					"$(inherited)",
				);
				GCC_WARN_64_TO_32_BIT_CONVERSION = YES;
				GCC_WARN_ABOUT_RETURN_TYPE = YES_ERROR;
				GCC_WARN_UNDECLARED_SELECTOR = YES;
				GCC_WARN_UNINITIALIZED_AUTOS = YES_AGGRESSIVE;
				GCC_WARN_UNUSED_FUNCTION = YES;
				GCC_WARN_UNUSED_VARIABLE = YES;
				IPHONEOS_DEPLOYMENT_TARGET = 10.3;
				MTL_ENABLE_DEBUG_INFO = YES;
				ONLY_ACTIVE_ARCH = YES;
				SDKROOT = iphoneos;
				SWIFT_ACTIVE_COMPILATION_CONDITIONS = DEBUG;
				SWIFT_OPTIMIZATION_LEVEL = "-Onone";
				TARGETED_DEVICE_FAMILY = "1,2";
			};
			name = Debug;
		};
		1EB237DE203B394000F29FF8 /* Release */ = {
			isa = XCBuildConfiguration;
			buildSettings = {
				ALWAYS_SEARCH_USER_PATHS = NO;
				CLANG_ANALYZER_NONNULL = YES;
				CLANG_ANALYZER_NUMBER_OBJECT_CONVERSION = YES_AGGRESSIVE;
				CLANG_CXX_LANGUAGE_STANDARD = "gnu++0x";
				CLANG_CXX_LIBRARY = "libc++";
				CLANG_ENABLE_MODULES = YES;
				CLANG_ENABLE_OBJC_ARC = YES;
				CLANG_WARN_BOOL_CONVERSION = YES;
				CLANG_WARN_CONSTANT_CONVERSION = YES;
				CLANG_WARN_DIRECT_OBJC_ISA_USAGE = YES_ERROR;
				CLANG_WARN_DOCUMENTATION_COMMENTS = YES;
				CLANG_WARN_EMPTY_BODY = YES;
				CLANG_WARN_ENUM_CONVERSION = YES;
				CLANG_WARN_INFINITE_RECURSION = YES;
				CLANG_WARN_INT_CONVERSION = YES;
				CLANG_WARN_OBJC_ROOT_CLASS = YES_ERROR;
				CLANG_WARN_SUSPICIOUS_MOVE = YES;
				CLANG_WARN_UNREACHABLE_CODE = YES;
				CLANG_WARN__DUPLICATE_METHOD_MATCH = YES;
				"CODE_SIGN_IDENTITY[sdk=iphoneos*]" = "iPhone Developer";
				COPY_PHASE_STRIP = NO;
				DEBUG_INFORMATION_FORMAT = "dwarf-with-dsym";
				ENABLE_NS_ASSERTIONS = NO;
				ENABLE_STRICT_OBJC_MSGSEND = YES;
				GCC_C_LANGUAGE_STANDARD = gnu99;
				GCC_NO_COMMON_BLOCKS = YES;
				GCC_WARN_64_TO_32_BIT_CONVERSION = YES;
				GCC_WARN_ABOUT_RETURN_TYPE = YES_ERROR;
				GCC_WARN_UNDECLARED_SELECTOR = YES;
				GCC_WARN_UNINITIALIZED_AUTOS = YES_AGGRESSIVE;
				GCC_WARN_UNUSED_FUNCTION = YES;
				GCC_WARN_UNUSED_VARIABLE = YES;
				IPHONEOS_DEPLOYMENT_TARGET = 10.3;
				MTL_ENABLE_DEBUG_INFO = NO;
				SDKROOT = iphoneos;
				SWIFT_OPTIMIZATION_LEVEL = "-Owholemodule";
				TARGETED_DEVICE_FAMILY = "1,2";
				VALIDATE_PRODUCT = YES;
			};
			name = Release;
		};
		1EB237E0203B394000F29FF8 /* Debug */ = {
			isa = XCBuildConfiguration;
			buildSettings = {
				ASSETCATALOG_COMPILER_APPICON_NAME = AppIcon;
				DEVELOPMENT_TEAM = 9C9DFKJ6LM;
				INFOPLIST_FILE = viewTRansformation/Info.plist;
				LD_RUNPATH_SEARCH_PATHS = "$(inherited) @executable_path/Frameworks";
				PRODUCT_BUNDLE_IDENTIFIER = com.Justin.regyster.viewTRansformation;
				PRODUCT_NAME = "$(TARGET_NAME)";
				SWIFT_VERSION = 3.0;
			};
			name = Debug;
		};
		1EB237E1203B394000F29FF8 /* Release */ = {
			isa = XCBuildConfiguration;
			buildSettings = {
				ASSETCATALOG_COMPILER_APPICON_NAME = AppIcon;
				DEVELOPMENT_TEAM = 9C9DFKJ6LM;
				INFOPLIST_FILE = viewTRansformation/Info.plist;
				LD_RUNPATH_SEARCH_PATHS = "$(inherited) @executable_path/Frameworks";
				PRODUCT_BUNDLE_IDENTIFIER = com.Justin.regyster.viewTRansformation;
				PRODUCT_NAME = "$(TARGET_NAME)";
				SWIFT_VERSION = 3.0;
			};
			name = Release;
		};
/* End XCBuildConfiguration section */

/* Begin XCConfigurationList section */
		1EB237C5203B393F00F29FF8 /* Build configuration list for PBXProject "viewTRansformation" */ = {
			isa = XCConfigurationList;
			buildConfigurations = (
				1EB237DD203B394000F29FF8 /* Debug */,
				1EB237DE203B394000F29FF8 /* Release */,
			);
			defaultConfigurationIsVisible = 0;
			defaultConfigurationName = Release;
		};
		1EB237DF203B394000F29FF8 /* Build configuration list for PBXNativeTarget "viewTRansformation" */ = {
			isa = XCConfigurationList;
			buildConfigurations = (
				1EB237E0203B394000F29FF8 /* Debug */,
				1EB237E1203B394000F29FF8 /* Release */,
			);
			defaultConfigurationIsVisible = 0;
		};
/* End XCConfigurationList section */

/* Begin XCVersionGroup section */
		1EB237D4203B394000F29FF8 /* viewTRansformation.xcdatamodeld */ = {
			isa = XCVersionGroup;
			children = (
				1EB237D5203B394000F29FF8 /* viewTRansformation.xcdatamodel */,
			);
			currentVersion = 1EB237D5203B394000F29FF8 /* viewTRansformation.xcdatamodel */;
			path = viewTRansformation.xcdatamodeld;
			sourceTree = "<group>";
			versionGroupType = wrapper.xcdatamodel;
		};
/* End XCVersionGroup section */
	};
	rootObject = 1EB237C2203B393F00F29FF8 /* Project object */;
}
